
Microsoft Visual Studio Solution File, Format Version 12.00
# Visual Studio Version 17
VisualStudioVersion = 17.5.33424.131
MinimumVisualStudioVersion = 10.0.40219.1
Project("{9A19103F-16F7-4668-BE54-9A1E7A4F7556}") = "SportShop", "SportShop\SportShop.csproj", "{317B2721-0F36-4804-8DCA-27AFC8203638}"
	ProjectSection(ProjectDependencies) = postProject
		{CD2BBA08-4E42-4483-A1C5-3945A7794440} = {CD2BBA08-4E42-4483-A1C5-3945A7794440}
	EndProjectSection
EndProject
Project("{9A19103F-16F7-4668-BE54-9A1E7A4F7556}") = "SportShopConsole", "SportShopConsole\SportShopConsole.csproj", "{7952484A-D09C-48CE-BB67-F8E2422448BE}"
	ProjectSection(ProjectDependencies) = postProject
		{CD2BBA08-4E42-4483-A1C5-3945A7794440} = {CD2BBA08-4E42-4483-A1C5-3945A7794440}
	EndProjectSection
EndProject
Project("{9A19103F-16F7-4668-BE54-9A1E7A4F7556}") = "NUnitTests", "NUnitTests\NUnitTests.csproj", "{0B7D9E75-8253-400A-AF47-373A0B5F87A7}"
EndProject
Project("{FAE04EC0-301F-11D3-BF4B-00C04F79EFBC}") = "Business", "Business\Business.csproj", "{01668505-B817-4AAA-9EA8-8931537014FD}"
EndProject
Project("{FAE04EC0-301F-11D3-BF4B-00C04F79EFBC}") = "Data", "Data\Data.csproj", "{CD2BBA08-4E42-4483-A1C5-3945A7794440}"
EndProject
Global
	GlobalSection(SolutionConfigurationPlatforms) = preSolution
		Debug|Any CPU = Debug|Any CPU
		Release|Any CPU = Release|Any CPU
	EndGlobalSection
	GlobalSection(ProjectConfigurationPlatforms) = postSolution
		{317B2721-0F36-4804-8DCA-27AFC8203638}.Debug|Any CPU.ActiveCfg = Debug|Any CPU
		{317B2721-0F36-4804-8DCA-27AFC8203638}.Debug|Any CPU.Build.0 = Debug|Any CPU
		{317B2721-0F36-4804-8DCA-27AFC8203638}.Release|Any CPU.ActiveCfg = Release|Any CPU
		{317B2721-0F36-4804-8DCA-27AFC8203638}.Release|Any CPU.Build.0 = Release|Any CPU
		{7952484A-D09C-48CE-BB67-F8E2422448BE}.Debug|Any CPU.ActiveCfg = Debug|Any CPU
		{7952484A-D09C-48CE-BB67-F8E2422448BE}.Debug|Any CPU.Build.0 = Debug|Any CPU
		{7952484A-D09C-48CE-BB67-F8E2422448BE}.Release|Any CPU.ActiveCfg = Release|Any CPU
		{7952484A-D09C-48CE-BB67-F8E2422448BE}.Release|Any CPU.Build.0 = Release|Any CPU
		{0B7D9E75-8253-400A-AF47-373A0B5F87A7}.Debug|Any CPU.ActiveCfg = Debug|Any CPU
		{0B7D9E75-8253-400A-AF47-373A0B5F87A7}.Debug|Any CPU.Build.0 = Debug|Any CPU
		{0B7D9E75-8253-400A-AF47-373A0B5F87A7}.Release|Any CPU.ActiveCfg = Release|Any CPU
		{0B7D9E75-8253-400A-AF47-373A0B5F87A7}.Release|Any CPU.Build.0 = Release|Any CPU
		{01668505-B817-4AAA-9EA8-8931537014FD}.Debug|Any CPU.ActiveCfg = Debug|Any CPU
		{01668505-B817-4AAA-9EA8-8931537014FD}.Debug|Any CPU.Build.0 = Debug|Any CPU
		{01668505-B817-4AAA-9EA8-8931537014FD}.Release|Any CPU.ActiveCfg = Release|Any CPU
		{01668505-B817-4AAA-9EA8-8931537014FD}.Release|Any CPU.Build.0 = Release|Any CPU
		{CD2BBA08-4E42-4483-A1C5-3945A7794440}.Debug|Any CPU.ActiveCfg = Debug|Any CPU
		{CD2BBA08-4E42-4483-A1C5-3945A7794440}.Debug|Any CPU.Build.0 = Debug|Any CPU
		{CD2BBA08-4E42-4483-A1C5-3945A7794440}.Release|Any CPU.ActiveCfg = Release|Any CPU
		{CD2BBA08-4E42-4483-A1C5-3945A7794440}.Release|Any CPU.Build.0 = Release|Any CPU
	EndGlobalSection
	GlobalSection(SolutionProperties) = preSolution
		HideSolutionNode = FALSE
	EndGlobalSection
	GlobalSection(ExtensibilityGlobals) = postSolution
		SolutionGuid = {EFE33C40-82A9-4F36-9F40-32DA4FC580BB}
	EndGlobalSection
EndGlobal
